
Microsoft Visual Studio Solution File, Format Version 12.00
# Visual Studio Version 16
VisualStudioVersion = 16.0.31025.194
MinimumVisualStudioVersion = 10.0.40219.1
Project("{FAE04EC0-301F-11D3-BF4B-00C04F79EFBC}") = "FacadeDP", "FacadeDP\FacadeDP.csproj", "{29205F76-B587-4BAC-8760-0F97E72231EF}"
EndProject
Global
	GlobalSection(SolutionConfigurationPlatforms) = preSolution
		Debug|Any CPU = Debug|Any CPU
		Release|Any CPU = Release|Any CPU
	EndGlobalSection
	GlobalSection(ProjectConfigurationPlatforms) = postSolution
		{29205F76-B587-4BAC-8760-0F97E72231EF}.Debug|Any CPU.ActiveCfg = Debug|Any CPU
		{29205F76-B587-4BAC-8760-0F97E72231EF}.Debug|Any CPU.Build.0 = Debug|Any CPU
		{29205F76-B587-4BAC-8760-0F97E72231EF}.Release|Any CPU.ActiveCfg = Release|Any CPU
		{29205F76-B587-4BAC-8760-0F97E72231EF}.Release|Any CPU.Build.0 = Release|Any CPU
	EndGlobalSection
	GlobalSection(SolutionProperties) = preSolution
		HideSolutionNode = FALSE
	EndGlobalSection
	GlobalSection(ExtensibilityGlobals) = postSolution
		SolutionGuid = {79C5F5EF-0318-4FA6-B0CC-36E5764D8F72}
	EndGlobalSection
EndGlobal
