
Microsoft Visual Studio Solution File, Format Version 12.00
# Visual Studio Version 16
VisualStudioVersion = 16.0.30907.101
MinimumVisualStudioVersion = 10.0.40219.1
Project("{FAE04EC0-301F-11D3-BF4B-00C04F79EFBC}") = "AccountDetails", "AccountDetails\AccountDetails.csproj", "{1EEB1EA0-3E0B-47C6-B47B-764FC24DAADC}"
EndProject
Global
	GlobalSection(SolutionConfigurationPlatforms) = preSolution
		Debug|Any CPU = Debug|Any CPU
		Release|Any CPU = Release|Any CPU
	EndGlobalSection
	GlobalSection(ProjectConfigurationPlatforms) = postSolution
		{1EEB1EA0-3E0B-47C6-B47B-764FC24DAADC}.Debug|Any CPU.ActiveCfg = Debug|Any CPU
		{1EEB1EA0-3E0B-47C6-B47B-764FC24DAADC}.Debug|Any CPU.Build.0 = Debug|Any CPU
		{1EEB1EA0-3E0B-47C6-B47B-764FC24DAADC}.Release|Any CPU.ActiveCfg = Release|Any CPU
		{1EEB1EA0-3E0B-47C6-B47B-764FC24DAADC}.Release|Any CPU.Build.0 = Release|Any CPU
	EndGlobalSection
	GlobalSection(SolutionProperties) = preSolution
		HideSolutionNode = FALSE
	EndGlobalSection
	GlobalSection(ExtensibilityGlobals) = postSolution
		SolutionGuid = {24D22EEC-1D70-4C84-8F8B-CD709714AC68}
	EndGlobalSection
EndGlobal
