
Microsoft Visual Studio Solution File, Format Version 12.00
# Visual Studio Version 16
VisualStudioVersion = 16.0.30907.101
MinimumVisualStudioVersion = 10.0.40219.1
Project("{FAE04EC0-301F-11D3-BF4B-00C04F79EFBC}") = "CustomerCommLib", "CustomerCommLib\CustomerCommLib.csproj", "{9C046B80-D001-482B-82C9-C73F838D0DDD}"
EndProject
Project("{FAE04EC0-301F-11D3-BF4B-00C04F79EFBC}") = "CustomerComm.Tests", "CustomerComm.Tests\CustomerComm.Tests.csproj", "{B85F6003-980D-42A8-91EE-AB2741BDD588}"
EndProject
Global
	GlobalSection(SolutionConfigurationPlatforms) = preSolution
		Debug|Any CPU = Debug|Any CPU
		Release|Any CPU = Release|Any CPU
	EndGlobalSection
	GlobalSection(ProjectConfigurationPlatforms) = postSolution
		{9C046B80-D001-482B-82C9-C73F838D0DDD}.Debug|Any CPU.ActiveCfg = Debug|Any CPU
		{9C046B80-D001-482B-82C9-C73F838D0DDD}.Debug|Any CPU.Build.0 = Debug|Any CPU
		{9C046B80-D001-482B-82C9-C73F838D0DDD}.Release|Any CPU.ActiveCfg = Release|Any CPU
		{9C046B80-D001-482B-82C9-C73F838D0DDD}.Release|Any CPU.Build.0 = Release|Any CPU
		{B85F6003-980D-42A8-91EE-AB2741BDD588}.Debug|Any CPU.ActiveCfg = Debug|Any CPU
		{B85F6003-980D-42A8-91EE-AB2741BDD588}.Debug|Any CPU.Build.0 = Debug|Any CPU
		{B85F6003-980D-42A8-91EE-AB2741BDD588}.Release|Any CPU.ActiveCfg = Release|Any CPU
		{B85F6003-980D-42A8-91EE-AB2741BDD588}.Release|Any CPU.Build.0 = Release|Any CPU
	EndGlobalSection
	GlobalSection(SolutionProperties) = preSolution
		HideSolutionNode = FALSE
	EndGlobalSection
	GlobalSection(ExtensibilityGlobals) = postSolution
		SolutionGuid = {7D6399CA-1CA4-4DB7-908F-6BDE357EE07C}
	EndGlobalSection
EndGlobal
