
Microsoft Visual Studio Solution File, Format Version 12.00
# Visual Studio Version 16
VisualStudioVersion = 16.0.31025.194
MinimumVisualStudioVersion = 10.0.40219.1
Project("{FAE04EC0-301F-11D3-BF4B-00C04F79EFBC}") = "GenericMedicine", "GenericMedicine\GenericMedicine.csproj", "{AB988226-299B-453F-9E39-59E052F3C180}"
EndProject
Project("{FAE04EC0-301F-11D3-BF4B-00C04F79EFBC}") = "GenericTest", "GenericTest\GenericTest.csproj", "{14BFE6AB-D8C1-49B8-8B8A-0F5915F4D97A}"
EndProject
Global
	GlobalSection(SolutionConfigurationPlatforms) = preSolution
		Debug|Any CPU = Debug|Any CPU
		Release|Any CPU = Release|Any CPU
	EndGlobalSection
	GlobalSection(ProjectConfigurationPlatforms) = postSolution
		{AB988226-299B-453F-9E39-59E052F3C180}.Debug|Any CPU.ActiveCfg = Debug|Any CPU
		{AB988226-299B-453F-9E39-59E052F3C180}.Debug|Any CPU.Build.0 = Debug|Any CPU
		{AB988226-299B-453F-9E39-59E052F3C180}.Release|Any CPU.ActiveCfg = Release|Any CPU
		{AB988226-299B-453F-9E39-59E052F3C180}.Release|Any CPU.Build.0 = Release|Any CPU
		{14BFE6AB-D8C1-49B8-8B8A-0F5915F4D97A}.Debug|Any CPU.ActiveCfg = Debug|Any CPU
		{14BFE6AB-D8C1-49B8-8B8A-0F5915F4D97A}.Debug|Any CPU.Build.0 = Debug|Any CPU
		{14BFE6AB-D8C1-49B8-8B8A-0F5915F4D97A}.Release|Any CPU.ActiveCfg = Release|Any CPU
		{14BFE6AB-D8C1-49B8-8B8A-0F5915F4D97A}.Release|Any CPU.Build.0 = Release|Any CPU
	EndGlobalSection
	GlobalSection(SolutionProperties) = preSolution
		HideSolutionNode = FALSE
	EndGlobalSection
	GlobalSection(ExtensibilityGlobals) = postSolution
		SolutionGuid = {652EED2D-A3EB-4BCB-9F02-2EEF2874699F}
	EndGlobalSection
EndGlobal
