
Microsoft Visual Studio Solution File, Format Version 12.00
# Visual Studio Version 16
VisualStudioVersion = 16.0.31025.194
MinimumVisualStudioVersion = 10.0.40219.1
Project("{FAE04EC0-301F-11D3-BF4B-00C04F79EFBC}") = "AdaptorDP", "AdaptorDP\AdaptorDP.csproj", "{A34BCF2C-3D85-4489-A2E3-8DD2EF3C63EA}"
EndProject
Global
	GlobalSection(SolutionConfigurationPlatforms) = preSolution
		Debug|Any CPU = Debug|Any CPU
		Release|Any CPU = Release|Any CPU
	EndGlobalSection
	GlobalSection(ProjectConfigurationPlatforms) = postSolution
		{A34BCF2C-3D85-4489-A2E3-8DD2EF3C63EA}.Debug|Any CPU.ActiveCfg = Debug|Any CPU
		{A34BCF2C-3D85-4489-A2E3-8DD2EF3C63EA}.Debug|Any CPU.Build.0 = Debug|Any CPU
		{A34BCF2C-3D85-4489-A2E3-8DD2EF3C63EA}.Release|Any CPU.ActiveCfg = Release|Any CPU
		{A34BCF2C-3D85-4489-A2E3-8DD2EF3C63EA}.Release|Any CPU.Build.0 = Release|Any CPU
	EndGlobalSection
	GlobalSection(SolutionProperties) = preSolution
		HideSolutionNode = FALSE
	EndGlobalSection
	GlobalSection(ExtensibilityGlobals) = postSolution
		SolutionGuid = {F1A88538-4FCC-4C16-936B-5E10F89E9D76}
	EndGlobalSection
EndGlobal
