
Microsoft Visual Studio Solution File, Format Version 12.00
# Visual Studio Version 16
VisualStudioVersion = 16.0.30907.101
MinimumVisualStudioVersion = 10.0.40219.1
Project("{FAE04EC0-301F-11D3-BF4B-00C04F79EFBC}") = "OptionalParameters", "OptionalParameters\OptionalParameters.csproj", "{ABA19B9E-11CB-48A1-B04A-C8A85E7EC702}"
EndProject
Global
	GlobalSection(SolutionConfigurationPlatforms) = preSolution
		Debug|Any CPU = Debug|Any CPU
		Release|Any CPU = Release|Any CPU
	EndGlobalSection
	GlobalSection(ProjectConfigurationPlatforms) = postSolution
		{ABA19B9E-11CB-48A1-B04A-C8A85E7EC702}.Debug|Any CPU.ActiveCfg = Debug|Any CPU
		{ABA19B9E-11CB-48A1-B04A-C8A85E7EC702}.Debug|Any CPU.Build.0 = Debug|Any CPU
		{ABA19B9E-11CB-48A1-B04A-C8A85E7EC702}.Release|Any CPU.ActiveCfg = Release|Any CPU
		{ABA19B9E-11CB-48A1-B04A-C8A85E7EC702}.Release|Any CPU.Build.0 = Release|Any CPU
	EndGlobalSection
	GlobalSection(SolutionProperties) = preSolution
		HideSolutionNode = FALSE
	EndGlobalSection
	GlobalSection(ExtensibilityGlobals) = postSolution
		SolutionGuid = {94666EDC-21B5-4420-BC6D-8D957F1B9B2A}
	EndGlobalSection
EndGlobal
