
Microsoft Visual Studio Solution File, Format Version 12.00
# Visual Studio Version 16
VisualStudioVersion = 16.0.30907.101
MinimumVisualStudioVersion = 10.0.40219.1
Project("{FAE04EC0-301F-11D3-BF4B-00C04F79EFBC}") = "FirstConsoleApplication", "FirstConsoleApplication\FirstConsoleApplication.csproj", "{77F801C8-2ADE-4C3B-92AF-428F81CA036C}"
EndProject
Global
	GlobalSection(SolutionConfigurationPlatforms) = preSolution
		Debug|Any CPU = Debug|Any CPU
		Release|Any CPU = Release|Any CPU
	EndGlobalSection
	GlobalSection(ProjectConfigurationPlatforms) = postSolution
		{77F801C8-2ADE-4C3B-92AF-428F81CA036C}.Debug|Any CPU.ActiveCfg = Debug|Any CPU
		{77F801C8-2ADE-4C3B-92AF-428F81CA036C}.Debug|Any CPU.Build.0 = Debug|Any CPU
		{77F801C8-2ADE-4C3B-92AF-428F81CA036C}.Release|Any CPU.ActiveCfg = Release|Any CPU
		{77F801C8-2ADE-4C3B-92AF-428F81CA036C}.Release|Any CPU.Build.0 = Release|Any CPU
	EndGlobalSection
	GlobalSection(SolutionProperties) = preSolution
		HideSolutionNode = FALSE
	EndGlobalSection
	GlobalSection(ExtensibilityGlobals) = postSolution
		SolutionGuid = {4D15D4B9-E411-4A02-A55D-8D279E69788C}
	EndGlobalSection
EndGlobal
