
Microsoft Visual Studio Solution File, Format Version 12.00
# Visual Studio Version 16
VisualStudioVersion = 16.0.31025.194
MinimumVisualStudioVersion = 10.0.40219.1
Project("{FAE04EC0-301F-11D3-BF4B-00C04F79EFBC}") = "MediatorDP", "MediatorDP\MediatorDP.csproj", "{C0F33416-E014-499D-80E9-0957D78ADD7E}"
EndProject
Global
	GlobalSection(SolutionConfigurationPlatforms) = preSolution
		Debug|Any CPU = Debug|Any CPU
		Release|Any CPU = Release|Any CPU
	EndGlobalSection
	GlobalSection(ProjectConfigurationPlatforms) = postSolution
		{C0F33416-E014-499D-80E9-0957D78ADD7E}.Debug|Any CPU.ActiveCfg = Debug|Any CPU
		{C0F33416-E014-499D-80E9-0957D78ADD7E}.Debug|Any CPU.Build.0 = Debug|Any CPU
		{C0F33416-E014-499D-80E9-0957D78ADD7E}.Release|Any CPU.ActiveCfg = Release|Any CPU
		{C0F33416-E014-499D-80E9-0957D78ADD7E}.Release|Any CPU.Build.0 = Release|Any CPU
	EndGlobalSection
	GlobalSection(SolutionProperties) = preSolution
		HideSolutionNode = FALSE
	EndGlobalSection
	GlobalSection(ExtensibilityGlobals) = postSolution
		SolutionGuid = {ABDB4435-34B1-4266-80BA-4BDDE5F37A1B}
	EndGlobalSection
EndGlobal
