
Microsoft Visual Studio Solution File, Format Version 12.00
# Visual Studio Version 16
VisualStudioVersion = 16.0.31025.194
MinimumVisualStudioVersion = 10.0.40219.1
Project("{FAE04EC0-301F-11D3-BF4B-00C04F79EFBC}") = "Practice_CaseStudy_Adapter_Dp", "Practice_CaseStudy_Adapter_Dp\Practice_CaseStudy_Adapter_Dp.csproj", "{E6C9FEF0-94C8-4B11-B5C0-F3C68511865F}"
EndProject
Project("{FAE04EC0-301F-11D3-BF4B-00C04F79EFBC}") = "Practice_CaseStudy_Observer_Dp", "Practice_Case_Study_Observer_Dp\Practice_CaseStudy_Observer_Dp.csproj", "{AB77A826-9564-4A38-8A16-FD794789118B}"
EndProject
Global
	GlobalSection(SolutionConfigurationPlatforms) = preSolution
		Debug|Any CPU = Debug|Any CPU
		Release|Any CPU = Release|Any CPU
	EndGlobalSection
	GlobalSection(ProjectConfigurationPlatforms) = postSolution
		{E6C9FEF0-94C8-4B11-B5C0-F3C68511865F}.Debug|Any CPU.ActiveCfg = Debug|Any CPU
		{E6C9FEF0-94C8-4B11-B5C0-F3C68511865F}.Debug|Any CPU.Build.0 = Debug|Any CPU
		{E6C9FEF0-94C8-4B11-B5C0-F3C68511865F}.Release|Any CPU.ActiveCfg = Release|Any CPU
		{E6C9FEF0-94C8-4B11-B5C0-F3C68511865F}.Release|Any CPU.Build.0 = Release|Any CPU
		{AB77A826-9564-4A38-8A16-FD794789118B}.Debug|Any CPU.ActiveCfg = Debug|Any CPU
		{AB77A826-9564-4A38-8A16-FD794789118B}.Debug|Any CPU.Build.0 = Debug|Any CPU
		{AB77A826-9564-4A38-8A16-FD794789118B}.Release|Any CPU.ActiveCfg = Release|Any CPU
		{AB77A826-9564-4A38-8A16-FD794789118B}.Release|Any CPU.Build.0 = Release|Any CPU
	EndGlobalSection
	GlobalSection(SolutionProperties) = preSolution
		HideSolutionNode = FALSE
	EndGlobalSection
	GlobalSection(ExtensibilityGlobals) = postSolution
		SolutionGuid = {99E852FE-36E5-4945-819A-9DF12C00E784}
	EndGlobalSection
EndGlobal
