
Microsoft Visual Studio Solution File, Format Version 12.00
# Visual Studio Version 16
VisualStudioVersion = 16.0.30907.101
MinimumVisualStudioVersion = 10.0.40219.1
Project("{FAE04EC0-301F-11D3-BF4B-00C04F79EFBC}") = "Calculator", "Calculator\Calculator.csproj", "{BA81E98A-76CA-41C2-A068-2F213BA84252}"
EndProject
Global
	GlobalSection(SolutionConfigurationPlatforms) = preSolution
		Debug|Any CPU = Debug|Any CPU
		Release|Any CPU = Release|Any CPU
	EndGlobalSection
	GlobalSection(ProjectConfigurationPlatforms) = postSolution
		{BA81E98A-76CA-41C2-A068-2F213BA84252}.Debug|Any CPU.ActiveCfg = Debug|Any CPU
		{BA81E98A-76CA-41C2-A068-2F213BA84252}.Debug|Any CPU.Build.0 = Debug|Any CPU
		{BA81E98A-76CA-41C2-A068-2F213BA84252}.Release|Any CPU.ActiveCfg = Release|Any CPU
		{BA81E98A-76CA-41C2-A068-2F213BA84252}.Release|Any CPU.Build.0 = Release|Any CPU
	EndGlobalSection
	GlobalSection(SolutionProperties) = preSolution
		HideSolutionNode = FALSE
	EndGlobalSection
	GlobalSection(ExtensibilityGlobals) = postSolution
		SolutionGuid = {FEF63705-3FE5-4778-A0B6-406F4FD5478D}
	EndGlobalSection
EndGlobal
