
Microsoft Visual Studio Solution File, Format Version 12.00
# Visual Studio Version 16
VisualStudioVersion = 16.0.30907.101
MinimumVisualStudioVersion = 10.0.40219.1
Project("{FAE04EC0-301F-11D3-BF4B-00C04F79EFBC}") = "AsyncusageH2", "AsyncusageH2\AsyncusageH2.csproj", "{125B468A-AAA1-4CEB-A7D7-EBD44B056ECB}"
EndProject
Global
	GlobalSection(SolutionConfigurationPlatforms) = preSolution
		Debug|Any CPU = Debug|Any CPU
		Release|Any CPU = Release|Any CPU
	EndGlobalSection
	GlobalSection(ProjectConfigurationPlatforms) = postSolution
		{125B468A-AAA1-4CEB-A7D7-EBD44B056ECB}.Debug|Any CPU.ActiveCfg = Debug|Any CPU
		{125B468A-AAA1-4CEB-A7D7-EBD44B056ECB}.Debug|Any CPU.Build.0 = Debug|Any CPU
		{125B468A-AAA1-4CEB-A7D7-EBD44B056ECB}.Release|Any CPU.ActiveCfg = Release|Any CPU
		{125B468A-AAA1-4CEB-A7D7-EBD44B056ECB}.Release|Any CPU.Build.0 = Release|Any CPU
	EndGlobalSection
	GlobalSection(SolutionProperties) = preSolution
		HideSolutionNode = FALSE
	EndGlobalSection
	GlobalSection(ExtensibilityGlobals) = postSolution
		SolutionGuid = {F24B64D9-7E40-4F45-8040-C3D0D11A3442}
	EndGlobalSection
EndGlobal
