
Microsoft Visual Studio Solution File, Format Version 12.00
# Visual Studio Version 16
VisualStudioVersion = 16.0.30907.101
MinimumVisualStudioVersion = 10.0.40219.1
Project("{FAE04EC0-301F-11D3-BF4B-00C04F79EFBC}") = "NunitH1", "NunitH1\NunitH1.csproj", "{8360A3F0-2B14-4D7D-80B7-F6C9BAD0C3E3}"
EndProject
Project("{FAE04EC0-301F-11D3-BF4B-00C04F79EFBC}") = "TestCalculator", "TestCalculator\TestCalculator.csproj", "{C038696C-3980-4AA2-9937-E2AC06F6340B}"
EndProject
Global
	GlobalSection(SolutionConfigurationPlatforms) = preSolution
		Debug|Any CPU = Debug|Any CPU
		Release|Any CPU = Release|Any CPU
	EndGlobalSection
	GlobalSection(ProjectConfigurationPlatforms) = postSolution
		{8360A3F0-2B14-4D7D-80B7-F6C9BAD0C3E3}.Debug|Any CPU.ActiveCfg = Debug|Any CPU
		{8360A3F0-2B14-4D7D-80B7-F6C9BAD0C3E3}.Debug|Any CPU.Build.0 = Debug|Any CPU
		{8360A3F0-2B14-4D7D-80B7-F6C9BAD0C3E3}.Release|Any CPU.ActiveCfg = Release|Any CPU
		{8360A3F0-2B14-4D7D-80B7-F6C9BAD0C3E3}.Release|Any CPU.Build.0 = Release|Any CPU
		{C038696C-3980-4AA2-9937-E2AC06F6340B}.Debug|Any CPU.ActiveCfg = Debug|Any CPU
		{C038696C-3980-4AA2-9937-E2AC06F6340B}.Debug|Any CPU.Build.0 = Debug|Any CPU
		{C038696C-3980-4AA2-9937-E2AC06F6340B}.Release|Any CPU.ActiveCfg = Release|Any CPU
		{C038696C-3980-4AA2-9937-E2AC06F6340B}.Release|Any CPU.Build.0 = Release|Any CPU
	EndGlobalSection
	GlobalSection(SolutionProperties) = preSolution
		HideSolutionNode = FALSE
	EndGlobalSection
	GlobalSection(ExtensibilityGlobals) = postSolution
		SolutionGuid = {362C911E-9A93-4BA3-BB8D-6EF251BC0420}
	EndGlobalSection
EndGlobal
