
Microsoft Visual Studio Solution File, Format Version 12.00
# Visual Studio Version 16
VisualStudioVersion = 16.0.30907.101
MinimumVisualStudioVersion = 10.0.40219.1
Project("{FAE04EC0-301F-11D3-BF4B-00C04F79EFBC}") = "EmployeeDetails", "EmployeeDetails\EmployeeDetails.csproj", "{79518633-32CB-4CE7-AE14-FA6316B8A0C0}"
EndProject
Global
	GlobalSection(SolutionConfigurationPlatforms) = preSolution
		Debug|Any CPU = Debug|Any CPU
		Release|Any CPU = Release|Any CPU
	EndGlobalSection
	GlobalSection(ProjectConfigurationPlatforms) = postSolution
		{79518633-32CB-4CE7-AE14-FA6316B8A0C0}.Debug|Any CPU.ActiveCfg = Debug|Any CPU
		{79518633-32CB-4CE7-AE14-FA6316B8A0C0}.Debug|Any CPU.Build.0 = Debug|Any CPU
		{79518633-32CB-4CE7-AE14-FA6316B8A0C0}.Release|Any CPU.ActiveCfg = Release|Any CPU
		{79518633-32CB-4CE7-AE14-FA6316B8A0C0}.Release|Any CPU.Build.0 = Release|Any CPU
	EndGlobalSection
	GlobalSection(SolutionProperties) = preSolution
		HideSolutionNode = FALSE
	EndGlobalSection
	GlobalSection(ExtensibilityGlobals) = postSolution
		SolutionGuid = {A7A6FE5D-0417-422B-96DC-B9981E449D66}
	EndGlobalSection
EndGlobal
